// !$*UTF8*$!
{
	archiveVersion = 1;
	classes = {
	};
	objectVersion = 56;
	objects = {

/* Begin PBXBuildFile section */
		A10000012C12340000000001 /* TransferApp.swift in Sources */ = {isa = PBXBuildFile; fileRef = B10000012C12340000000001 /* TransferApp.swift */; };
		A10000022C12340000000002 /* ContentView.swift in Sources */ = {isa = PBXBuildFile; fileRef = B10000022C12340000000002 /* ContentView.swift */; };
		A10000032C12340000000003 /* SettingsView.swift in Sources */ = {isa = PBXBuildFile; fileRef = B10000032C12340000000003 /* SettingsView.swift */; };
		A10000042C12340000000004 /* KeychainHelper.swift in Sources */ = {isa = PBXBuildFile; fileRef = B10000042C12340000000004 /* KeychainHelper.swift */; };
		A10000052C12340000000005 /* TransferModels.swift in Sources */ = {isa = PBXBuildFile; fileRef = B10000052C12340000000005 /* TransferModels.swift */; };
		A10000062C12340000000006 /* TransferApiClient.swift in Sources */ = {isa = PBXBuildFile; fileRef = B10000062C12340000000006 /* TransferApiClient.swift */; };
		A20000012C12340000000007 /* ShareViewController.swift in Sources */ = {isa = PBXBuildFile; fileRef = B20000012C12340000000007 /* ShareViewController.swift */; };
		A20000022C12340000000008 /* KeychainHelper.swift in Sources */ = {isa = PBXBuildFile; fileRef = B10000042C12340000000004 /* KeychainHelper.swift */; };
		A20000032C12340000000009 /* TransferModels.swift in Sources */ = {isa = PBXBuildFile; fileRef = B10000052C12340000000005 /* TransferModels.swift */; };
		A20000042C1234000000000A /* TransferApiClient.swift in Sources */ = {isa = PBXBuildFile; fileRef = B10000062C12340000000006 /* TransferApiClient.swift */; };
		A30000012C1234000000000B /* ShareExtension.appex in Embed App Extensions */ = {isa = PBXBuildFile; fileRef = C20000012C12340000000002 /* ShareExtension.appex */; settings = {ATTRIBUTES = (RemoveHeadersOnCopy, ); }; };
/* End PBXBuildFile section */

/* Begin PBXContainerItemProxy section */
		D10000012C12340000000001 /* PBXContainerItemProxy */ = {
			isa = PBXContainerItemProxy;
			containerPortal = 08FB7793FE84155DC02AAC07 /* Project object */;
			proxyType = 1;
			remoteGlobalIDString = E20000012C12340000000002;
			remoteInfo = ShareExtension;
		};
/* End PBXContainerItemProxy section */

/* Begin PBXCopyFilesBuildPhase section */
		A30000002C1234000000000C /* Embed App Extensions */ = {
			isa = PBXCopyFilesBuildPhase;
			buildActionMask = 2147483647;
			dstPath = "";
			dstSubfolderSpec = 13;
			files = (
				A30000012C1234000000000B /* ShareExtension.appex in Embed App Extensions */,
			);
			name = "Embed App Extensions";
			runOnlyForDeploymentPostprocessing = 0;
		};
/* End PBXCopyFilesBuildPhase section */

/* Begin PBXFileReference section */
		C10000012C12340000000001 /* TransferApp.app */ = {isa = PBXFileReference; explicitFileType = wrapper.application; includeInIndex = 0; path = TransferApp.app; sourceTree = BUILT_PRODUCTS_DIR; };
		C20000012C12340000000002 /* ShareExtension.appex */ = {isa = PBXFileReference; explicitFileType = "wrapper.app-extension"; includeInIndex = 0; path = ShareExtension.appex; sourceTree = BUILT_PRODUCTS_DIR; };
		B10000012C12340000000001 /* TransferApp.swift */ = {isa = PBXFileReference; lastKnownFileType = sourcecode.swift; path = TransferApp.swift; sourceTree = "<group>"; };
		B10000022C12340000000002 /* ContentView.swift */ = {isa = PBXFileReference; lastKnownFileType = sourcecode.swift; path = ContentView.swift; sourceTree = "<group>"; };
		B10000032C12340000000003 /* SettingsView.swift */ = {isa = PBXFileReference; lastKnownFileType = sourcecode.swift; path = SettingsView.swift; sourceTree = "<group>"; };
		B10000042C12340000000004 /* KeychainHelper.swift */ = {isa = PBXFileReference; lastKnownFileType = sourcecode.swift; path = KeychainHelper.swift; sourceTree = "<group>"; };
		B10000052C12340000000005 /* TransferModels.swift */ = {isa = PBXFileReference; lastKnownFileType = sourcecode.swift; path = TransferModels.swift; sourceTree = "<group>"; };
		B10000062C12340000000006 /* TransferApiClient.swift */ = {isa = PBXFileReference; lastKnownFileType = sourcecode.swift; path = TransferApiClient.swift; sourceTree = "<group>"; };
		B20000012C12340000000007 /* ShareViewController.swift */ = {isa = PBXFileReference; lastKnownFileType = sourcecode.swift; path = ShareViewController.swift; sourceTree = "<group>"; };
		E10000012C12340000000001 /* Info.plist */ = {isa = PBXFileReference; lastKnownFileType = text.plist.xml; path = Info.plist; sourceTree = "<group>"; };
		E10000022C12340000000002 /* TransferApp.entitlements */ = {isa = PBXFileReference; lastKnownFileType = text.plist.entitlements; path = TransferApp.entitlements; sourceTree = "<group>"; };
		E20000022C12340000000003 /* Info.plist */ = {isa = PBXFileReference; lastKnownFileType = text.plist.xml; path = Info.plist; sourceTree = "<group>"; };
		E20000032C12340000000004 /* ShareExtension.entitlements */ = {isa = PBXFileReference; lastKnownFileType = text.plist.entitlements; path = ShareExtension.entitlements; sourceTree = "<group>"; };
/* End PBXFileReference section */

/* Begin PBXGroup section */
		08FB7794FE84155DC02AAC07 /* TransferAppGroup */ = {
			isa = PBXGroup;
			children = (
				F10000012C12340000000001 /* TransferApp */,
				F20000012C12340000000002 /* ShareExtension */,
				F30000012C12340000000003 /* Shared */,
				F40000012C12340000000004 /* Products */,
			);
			sourceTree = "<group>";
		};
		F10000012C12340000000001 /* TransferApp */ = {
			isa = PBXGroup;
			children = (
				B10000012C12340000000001 /* TransferApp.swift */,
				B10000022C12340000000002 /* ContentView.swift */,
				B10000032C12340000000003 /* SettingsView.swift */,
				E10000012C12340000000001 /* Info.plist */,
				E10000022C12340000000002 /* TransferApp.entitlements */,
			);
			path = TransferApp;
			sourceTree = "<group>";
		};
		F20000012C12340000000002 /* ShareExtension */ = {
			isa = PBXGroup;
			children = (
				B20000012C12340000000007 /* ShareViewController.swift */,
				E20000022C12340000000003 /* Info.plist */,
				E20000032C12340000000004 /* ShareExtension.entitlements */,
			);
			path = ShareExtension;
			sourceTree = "<group>";
		};
		F30000012C12340000000003 /* Shared */ = {
			isa = PBXGroup;
			children = (
				B10000042C12340000000004 /* KeychainHelper.swift */,
				B10000052C12340000000005 /* TransferModels.swift */,
				B10000062C12340000000006 /* TransferApiClient.swift */,
			);
			path = Shared;
			sourceTree = "<group>";
		};
		F40000012C12340000000004 /* Products */ = {
			isa = PBXGroup;
			children = (
				C10000012C12340000000001 /* TransferApp.app */,
				C20000012C12340000000002 /* ShareExtension.appex */,
			);
			name = Products;
			sourceTree = "<group>";
		};
/* End PBXGroup section */

/* Begin PBXNativeTarget section */
		E10000012C12340000000001 /* TransferApp */ = {
			isa = PBXNativeTarget;
			buildConfigurationList = G10000012C12340000000001 /* Build configuration list for PBXNativeTarget "TransferApp" */;
			buildPhases = (
				H10000012C12340000000001 /* Sources */,
				A30000002C1234000000000C /* Embed App Extensions */,
			);
			buildRules = (
			);
			dependencies = (
				I10000012C12340000000001 /* PBXTargetDependency */,
			);
			name = TransferApp;
			productName = TransferApp;
			productReference = C10000012C12340000000001 /* TransferApp.app */;
			productType = "com.apple.product-type.application";
		};
		E20000012C12340000000002 /* ShareExtension */ = {
			isa = PBXNativeTarget;
			buildConfigurationList = G20000012C12340000000001 /* Build configuration list for PBXNativeTarget "ShareExtension" */;
			buildPhases = (
				H20000012C12340000000001 /* Sources */,
			);
			buildRules = (
			);
			dependencies = (
			);
			name = ShareExtension;
			productName = ShareExtension;
			productReference = C20000012C12340000000002 /* ShareExtension.appex */;
			productType = "com.apple.product-type.app-extension";
		};
/* End PBXNativeTarget section */

/* Begin PBXProject section */
		08FB7793FE84155DC02AAC07 /* Project object */ = {
			isa = PBXProject;
			attributes = {
				BuildIndependentTargetsInParallel = YES;
				LastUpgradeCheck = 1500;
				TargetAttributes = {
					E10000012C12340000000001 = {
						CreatedOnToolsVersion = 15.0;
					};
					E20000012C12340000000002 = {
						CreatedOnToolsVersion = 15.0;
					};
				};
			};
			buildConfigurationList = G00000012C12340000000001 /* Build configuration list for PBXProject "TransferApp" */;
			compatibilityVersion = "Xcode 14.0";
			developmentRegion = en;
			hasScannedForEncodings = 0;
			knownRegions = (
				en,
				Base,
			);
			mainGroup = 08FB7794FE84155DC02AAC07 /* TransferAppGroup */;
			productRefGroup = F40000012C12340000000004 /* Products */;
			projectDirPath = "";
			projectRoot = "";
			targets = (
				E10000012C12340000000001 /* TransferApp */,
				E20000012C12340000000002 /* ShareExtension */,
			);
		};
/* End PBXProject section */

/* Begin PBXSourcesBuildPhase section */
		H10000012C12340000000001 /* Sources */ = {
			isa = PBXSourcesBuildPhase;
			buildActionMask = 2147483647;
			files = (
				A10000012C12340000000001 /* TransferApp.swift in Sources */,
				A10000022C12340000000002 /* ContentView.swift in Sources */,
				A10000032C12340000000003 /* SettingsView.swift in Sources */,
				A10000042C12340000000004 /* KeychainHelper.swift in Sources */,
				A10000052C12340000000005 /* TransferModels.swift in Sources */,
				A10000062C12340000000006 /* TransferApiClient.swift in Sources */,
			);
			runOnlyForDeploymentPostprocessing = 0;
		};
		H20000012C12340000000001 /* Sources */ = {
			isa = PBXSourcesBuildPhase;
			buildActionMask = 2147483647;
			files = (
				A20000012C12340000000007 /* ShareViewController.swift in Sources */,
				A20000022C12340000000008 /* KeychainHelper.swift in Sources */,
				A20000032C12340000000009 /* TransferModels.swift in Sources */,
				A20000042C1234000000000A /* TransferApiClient.swift in Sources */,
			);
			runOnlyForDeploymentPostprocessing = 0;
		};
/* End PBXSourcesBuildPhase section */

/* Begin PBXTargetDependency section */
		I10000012C12340000000001 /* PBXTargetDependency */ = {
			isa = PBXTargetDependency;
			target = E20000012C12340000000002 /* ShareExtension */;
			targetProxy = D10000012C12340000000001 /* PBXContainerItemProxy */;
		};
/* End PBXTargetDependency section */

/* Begin XCBuildConfiguration section */
		J00000012C12340000000001 /* Debug */ = {
			isa = XCBuildConfiguration;
			buildSettings = {
				ALWAYS_SEARCH_USER_PATHS = NO;
				CLANG_ANALYZER_NONNULL = YES;
				CLANG_ENABLE_MODULES = YES;
				CLANG_ENABLE_OBJC_ARC = YES;
				COPY_PHASE_STRIP = NO;
				DEBUG_INFORMATION_FORMAT = dwarf;
				ENABLE_STRICT_OBJC_MSGSEND = YES;
				ENABLE_TESTABILITY = YES;
				GCC_DYNAMIC_NO_PIC = NO;
				GCC_OPTIMIZATION_LEVEL = 0;
				GCC_PREPROCESSOR_DEFINITIONS = (
					"DEBUG=1",
					"$(inherited)",
				);
				IPHONEOS_DEPLOYMENT_TARGET = 16.0;
				MTL_ENABLE_DEBUG_INFO = INCLUDE_SOURCE;
				MTL_FAST_MATH = YES;
				ONLY_ACTIVE_ARCH = YES;
				SDKROOT = iphoneos;
				SWIFT_ACTIVE_COMPILATION_CONDITIONS = DEBUG;
				SWIFT_OPTIMIZATION_LEVEL = "-Onone";
			};
			name = Debug;
		};
		J00000022C12340000000002 /* Release */ = {
			isa = XCBuildConfiguration;
			buildSettings = {
				ALWAYS_SEARCH_USER_PATHS = NO;
				CLANG_ANALYZER_NONNULL = YES;
				CLANG_ENABLE_MODULES = YES;
				CLANG_ENABLE_OBJC_ARC = YES;
				COPY_PHASE_STRIP = NO;
				DEBUG_INFORMATION_FORMAT = "dwarf-with-dsym";
				ENABLE_NS_ASSERTIONS = NO;
				ENABLE_STRICT_OBJC_MSGSEND = YES;
				GCC_OPTIMIZATION_LEVEL = s;
				IPHONEOS_DEPLOYMENT_TARGET = 16.0;
				MTL_ENABLE_DEBUG_INFO = NO;
				MTL_FAST_MATH = YES;
				SDKROOT = iphoneos;
				SWIFT_COMPILATION_MODE = wholemodule;
				SWIFT_OPTIMIZATION_LEVEL = "-O";
				VALIDATE_PRODUCT = YES;
			};
			name = Release;
		};
		J10000012C12340000000001 /* Debug */ = {
			isa = XCBuildConfiguration;
			buildSettings = {
				CODE_SIGN_ENTITLEMENTS = TransferApp/TransferApp.entitlements;
				CODE_SIGN_STYLE = Automatic;
				CURRENT_PROJECT_VERSION = 1;
				GENERATE_INFOPLIST_FILE = NO;
				INFOPLIST_FILE = TransferApp/Info.plist;
				LD_RUNPATH_SEARCH_PATHS = (
					"$(inherited)",
					"@executable_path/Frameworks",
				);
				MARKETING_VERSION = 1.0;
				PRODUCT_BUNDLE_IDENTIFIER = com.transfer.app;
				PRODUCT_NAME = "$(TARGET_NAME)";
				SWIFT_VERSION = 5.0;
				TARGETED_DEVICE_FAMILY = "1,2";
			};
			name = Debug;
		};
		J10000022C12340000000002 /* Release */ = {
			isa = XCBuildConfiguration;
			buildSettings = {
				CODE_SIGN_ENTITLEMENTS = TransferApp/TransferApp.entitlements;
				CODE_SIGN_STYLE = Automatic;
				CURRENT_PROJECT_VERSION = 1;
				GENERATE_INFOPLIST_FILE = NO;
				INFOPLIST_FILE = TransferApp/Info.plist;
				LD_RUNPATH_SEARCH_PATHS = (
					"$(inherited)",
					"@executable_path/Frameworks",
				);
				MARKETING_VERSION = 1.0;
				PRODUCT_BUNDLE_IDENTIFIER = com.transfer.app;
				PRODUCT_NAME = "$(TARGET_NAME)";
				SWIFT_VERSION = 5.0;
				TARGETED_DEVICE_FAMILY = "1,2";
			};
			name = Release;
		};
		J20000012C12340000000001 /* Debug */ = {
			isa = XCBuildConfiguration;
			buildSettings = {
				CODE_SIGN_ENTITLEMENTS = ShareExtension/ShareExtension.entitlements;
				CODE_SIGN_STYLE = Automatic;
				CURRENT_PROJECT_VERSION = 1;
				GENERATE_INFOPLIST_FILE = NO;
				INFOPLIST_FILE = ShareExtension/Info.plist;
				LD_RUNPATH_SEARCH_PATHS = (
					"$(inherited)",
					"@executable_path/Frameworks",
					"@executable_path/../../Frameworks",
				);
				MARKETING_VERSION = 1.0;
				PRODUCT_BUNDLE_IDENTIFIER = com.transfer.app.ShareExtension;
				PRODUCT_NAME = "$(TARGET_NAME)";
				SWIFT_VERSION = 5.0;
				TARGETED_DEVICE_FAMILY = "1,2";
			};
			name = Debug;
		};
		J20000022C12340000000002 /* Release */ = {
			isa = XCBuildConfiguration;
			buildSettings = {
				CODE_SIGN_ENTITLEMENTS = ShareExtension/ShareExtension.entitlements;
				CODE_SIGN_STYLE = Automatic;
				CURRENT_PROJECT_VERSION = 1;
				GENERATE_INFOPLIST_FILE = NO;
				INFOPLIST_FILE = ShareExtension/Info.plist;
				LD_RUNPATH_SEARCH_PATHS = (
					"$(inherited)",
					"@executable_path/Frameworks",
					"@executable_path/../../Frameworks",
				);
				MARKETING_VERSION = 1.0;
				PRODUCT_BUNDLE_IDENTIFIER = com.transfer.app.ShareExtension;
				PRODUCT_NAME = "$(TARGET_NAME)";
				SWIFT_VERSION = 5.0;
				TARGETED_DEVICE_FAMILY = "1,2";
			};
			name = Release;
		};
/* End XCBuildConfiguration section */

/* Begin XCConfigurationList section */
		G00000012C12340000000001 /* Build configuration list for PBXProject "TransferApp" */ = {
			isa = XCConfigurationList;
			buildConfigurations = (
				J00000012C12340000000001 /* Debug */,
				J00000022C12340000000002 /* Release */,
			);
			defaultConfigurationIsVisible = 0;
			defaultConfigurationName = Release;
		};
		G10000012C12340000000001 /* Build configuration list for PBXNativeTarget "TransferApp" */ = {
			isa = XCConfigurationList;
			buildConfigurations = (
				J10000012C12340000000001 /* Debug */,
				J10000022C12340000000002 /* Release */,
			);
			defaultConfigurationIsVisible = 0;
			defaultConfigurationName = Release;
		};
		G20000012C12340000000001 /* Build configuration list for PBXNativeTarget "ShareExtension" */ = {
			isa = XCConfigurationList;
			buildConfigurations = (
				J20000012C12340000000001 /* Debug */,
				J20000022C12340000000002 /* Release */,
			);
			defaultConfigurationIsVisible = 0;
			defaultConfigurationName = Release;
		};
/* End XCConfigurationList section */

	};
	rootObject = 08FB7793FE84155DC02AAC07 /* Project object */;
}
